Microsoft Visual Studio Solution File, Format Version 12.00
# Visual Studio Version 17
VisualStudioVersion = 17.5.2.0
MinimumVisualStudioVersion = 10.0.40219.1
Project("{FAE04EC0-301F-11D3-BF4B-00C04F79EFBC}") = "AbstractClassesandMethods", "AbstractClassesandMethods\AbstractClassesandMethods.csproj", "{ACD1D8FA-4E44-5E0D-3C25-E781AE33793C}"
EndProject
Global
	GlobalSection(SolutionConfigurationPlatforms) = preSolution
		Debug|Any CPU = Debug|Any CPU
		Release|Any CPU = Release|Any CPU
	EndGlobalSection
	GlobalSection(ProjectConfigurationPlatforms) = postSolution
		{ACD1D8FA-4E44-5E0D-3C25-E781AE33793C}.Debug|Any CPU.ActiveCfg = Debug|Any CPU
		{ACD1D8FA-4E44-5E0D-3C25-E781AE33793C}.Debug|Any CPU.Build.0 = Debug|Any CPU
		{ACD1D8FA-4E44-5E0D-3C25-E781AE33793C}.Release|Any CPU.ActiveCfg = Release|Any CPU
		{ACD1D8FA-4E44-5E0D-3C25-E781AE33793C}.Release|Any CPU.Build.0 = Release|Any CPU
	EndGlobalSection
	GlobalSection(SolutionProperties) = preSolution
		HideSolutionNode = FALSE
	EndGlobalSection
	GlobalSection(ExtensibilityGlobals) = postSolution
		SolutionGuid = {0FC682FC-DC90-4B0E-812B-983FC86DC9C9}
	EndGlobalSection
EndGlobal
